
Microsoft Visual Studio Solution File, Format Version 12.00
Project("{FAE04EC0-301F-11D3-BF4B-00C04F79EFBC}") = "DESX", "DESX\DESX.csproj", "{AA215AE1-1D42-4486-B53E-D0BB3079D9FB}"
EndProject
Global
	GlobalSection(SolutionConfigurationPlatforms) = preSolution
		Debug|Any CPU = Debug|Any CPU
		Release|Any CPU = Release|Any CPU
	EndGlobalSection
	GlobalSection(ProjectConfigurationPlatforms) = postSolution
		{AA215AE1-1D42-4486-B53E-D0BB3079D9FB}.Debug|Any CPU.ActiveCfg = Debug|Any CPU
		{AA215AE1-1D42-4486-B53E-D0BB3079D9FB}.Debug|Any CPU.Build.0 = Debug|Any CPU
		{AA215AE1-1D42-4486-B53E-D0BB3079D9FB}.Release|Any CPU.ActiveCfg = Release|Any CPU
		{AA215AE1-1D42-4486-B53E-D0BB3079D9FB}.Release|Any CPU.Build.0 = Release|Any CPU
	EndGlobalSection
EndGlobal
